{
  "pins" : [
    {
      "identity" : "lottie-spm",
      "kind" : "remoteSourceControl",
      "location" : "https://github.com/airbnb/lottie-spm.git",
      "state" : {
        "revision" : "3bd43e12d6fb54654366a61f7cfaca787318b8ce",
        "version" : "4.4.1"
      }
    },
    {
      "identity" : "swift-package-manager-google-mobile-ads",
      "kind" : "remoteSourceControl",
      "location" : "https://github.com/googleads/swift-package-manager-google-mobile-ads.git",
      "state" : {
        "revision" : "4668daa078c7e104df9f5b8a80a7638cab19bb4e",
        "version" : "11.0.1"
      }
    },
    {
      "identity" : "swift-package-manager-google-user-messaging-platform",
      "kind" : "remoteSourceControl",
      "location" : "https://github.com/googleads/swift-package-manager-google-user-messaging-platform.git",
      "state" : {
        "revision" : "668673ea23b3e71b9f2540d8fb9464c4dc32ecc0",
        "version" : "2.2.0"
      }
    },
    {
      "identity" : "uionboarding",
      "kind" : "remoteSourceControl",
      "location" : "https://github.com/lascic/UIOnboarding",
      "state" : {
        "revision" : "efd1e944c399de24c10d9f4947301e1c105dbb9b",
        "version" : "2.0.3"
      }
    }
  ],
  "version" : 2
}
