// !$*UTF8*$!
{
	archiveVersion = 1;
	classes = {
	};
	objectVersion = 56;
	objects = {

/* Begin PBXBuildFile section */
		DE02B15E2B6AE549003C5485 /* HesaplaButton.swift in Sources */ = {isa = PBXBuildFile; fileRef = DE02B15D2B6AE549003C5485 /* HesaplaButton.swift */; };
		DE45D8772B7AAD06001DDED5 /* Result.swift in Sources */ = {isa = PBXBuildFile; fileRef = DE45D8762B7AAD06001DDED5 /* Result.swift */; };
		DE6A6E952B83F2B000DCBBAD /* GoogleMobileAds in Frameworks */ = {isa = PBXBuildFile; productRef = DE6A6E942B83F2B000DCBBAD /* GoogleMobileAds */; };
		DE6A6E992B83F3A400DCBBAD /* BannerViewController.swift in Sources */ = {isa = PBXBuildFile; fileRef = DE6A6E982B83F3A400DCBBAD /* BannerViewController.swift */; };
		DE6A6E9B2B83F3F000DCBBAD /* BannerView.swift in Sources */ = {isa = PBXBuildFile; fileRef = DE6A6E9A2B83F3EF00DCBBAD /* BannerView.swift */; };
		DE6A6E9D2B83F57D00DCBBAD /* AdCoordinator.swift in Sources */ = {isa = PBXBuildFile; fileRef = DE6A6E9C2B83F57D00DCBBAD /* AdCoordinator.swift */; };
		DE6A9BDE2B74199C009812BB /* SonucView.swift in Sources */ = {isa = PBXBuildFile; fileRef = DE6A9BDD2B74199C009812BB /* SonucView.swift */; };
		DE9680242B74C9F10072953A /* Constants.swift in Sources */ = {isa = PBXBuildFile; fileRef = DE9680232B74C9F10072953A /* Constants.swift */; };
		DEBB88102B69914200DA8B6B /* KPSS_Puan_HesaplamaApp.swift in Sources */ = {isa = PBXBuildFile; fileRef = DEBB880F2B69914200DA8B6B /* KPSS_Puan_HesaplamaApp.swift */; };
		DEBB88142B69914300DA8B6B /* Assets.xcassets in Resources */ = {isa = PBXBuildFile; fileRef = DEBB88132B69914300DA8B6B /* Assets.xcassets */; };
		DEBB88172B69914300DA8B6B /* Preview Assets.xcassets in Resources */ = {isa = PBXBuildFile; fileRef = DEBB88162B69914300DA8B6B /* Preview Assets.xcassets */; };
		DEBB881E2B69926C00DA8B6B /* RootView.swift in Sources */ = {isa = PBXBuildFile; fileRef = DEBB881D2B69926C00DA8B6B /* RootView.swift */; };
		DEBB88222B6992D700DA8B6B /* MainView.swift in Sources */ = {isa = PBXBuildFile; fileRef = DEBB88212B6992D700DA8B6B /* MainView.swift */; };
		DEBB88242B6992EA00DA8B6B /* ResultView.swift in Sources */ = {isa = PBXBuildFile; fileRef = DEBB88232B6992EA00DA8B6B /* ResultView.swift */; };
		DEBB88262B69987400DA8B6B /* OrtaogretimView.swift in Sources */ = {isa = PBXBuildFile; fileRef = DEBB88252B69987400DA8B6B /* OrtaogretimView.swift */; };
		DEBB88282B69987F00DA8B6B /* OnlisansView.swift in Sources */ = {isa = PBXBuildFile; fileRef = DEBB88272B69987F00DA8B6B /* OnlisansView.swift */; };
		DEBB882A2B69988600DA8B6B /* LisansView.swift in Sources */ = {isa = PBXBuildFile; fileRef = DEBB88292B69988600DA8B6B /* LisansView.swift */; };
		DEBB882C2B69989100DA8B6B /* EgitimBilimleriView.swift in Sources */ = {isa = PBXBuildFile; fileRef = DEBB882B2B69989100DA8B6B /* EgitimBilimleriView.swift */; };
		DEBB882E2B69989A00DA8B6B /* OABTView.swift in Sources */ = {isa = PBXBuildFile; fileRef = DEBB882D2B69989A00DA8B6B /* OABTView.swift */; };
		DEC53F0B2B87D3DA00C6B476 /* CalculateViewModel.swift in Sources */ = {isa = PBXBuildFile; fileRef = DEC53F0A2B87D3DA00C6B476 /* CalculateViewModel.swift */; };
		DEC53F0E2B87D65400C6B476 /* Lottie in Frameworks */ = {isa = PBXBuildFile; productRef = DEC53F0D2B87D65400C6B476 /* Lottie */; };
		DEC53F102B87D68000C6B476 /* notfound.json in Resources */ = {isa = PBXBuildFile; fileRef = DEC53F0F2B87D68000C6B476 /* notfound.json */; };
/* End PBXBuildFile section */

/* Begin PBXFileReference section */
		DE02B15D2B6AE549003C5485 /* HesaplaButton.swift */ = {isa = PBXFileReference; lastKnownFileType = sourcecode.swift; path = HesaplaButton.swift; sourceTree = "<group>"; };
		DE45D8762B7AAD06001DDED5 /* Result.swift */ = {isa = PBXFileReference; lastKnownFileType = sourcecode.swift; path = Result.swift; sourceTree = "<group>"; };
		DE6A6E962B83F2F000DCBBAD /* KPSS-Puan-Hesaplama-Info.plist */ = {isa = PBXFileReference; lastKnownFileType = text.plist; path = "KPSS-Puan-Hesaplama-Info.plist"; sourceTree = SOURCE_ROOT; };
		DE6A6E982B83F3A400DCBBAD /* BannerViewController.swift */ = {isa = PBXFileReference; lastKnownFileType = sourcecode.swift; path = BannerViewController.swift; sourceTree = "<group>"; };
		DE6A6E9A2B83F3EF00DCBBAD /* BannerView.swift */ = {isa = PBXFileReference; lastKnownFileType = sourcecode.swift; path = BannerView.swift; sourceTree = "<group>"; };
		DE6A6E9C2B83F57D00DCBBAD /* AdCoordinator.swift */ = {isa = PBXFileReference; lastKnownFileType = sourcecode.swift; path = AdCoordinator.swift; sourceTree = "<group>"; };
		DE6A9BDD2B74199C009812BB /* SonucView.swift */ = {isa = PBXFileReference; lastKnownFileType = sourcecode.swift; path = SonucView.swift; sourceTree = "<group>"; };
		DE9680232B74C9F10072953A /* Constants.swift */ = {isa = PBXFileReference; lastKnownFileType = sourcecode.swift; path = Constants.swift; sourceTree = "<group>"; };
		DEBB880C2B69914200DA8B6B /* KPSS Puan Hesaplama.app */ = {isa = PBXFileReference; explicitFileType = wrapper.application; includeInIndex = 0; path = "KPSS Puan Hesaplama.app"; sourceTree = BUILT_PRODUCTS_DIR; };
		DEBB880F2B69914200DA8B6B /* KPSS_Puan_HesaplamaApp.swift */ = {isa = PBXFileReference; lastKnownFileType = sourcecode.swift; path = KPSS_Puan_HesaplamaApp.swift; sourceTree = "<group>"; };
		DEBB88132B69914300DA8B6B /* Assets.xcassets */ = {isa = PBXFileReference; lastKnownFileType = folder.assetcatalog; path = Assets.xcassets; sourceTree = "<group>"; };
		DEBB88162B69914300DA8B6B /* Preview Assets.xcassets */ = {isa = PBXFileReference; lastKnownFileType = folder.assetcatalog; path = "Preview Assets.xcassets"; sourceTree = "<group>"; };
		DEBB881D2B69926C00DA8B6B /* RootView.swift */ = {isa = PBXFileReference; lastKnownFileType = sourcecode.swift; path = RootView.swift; sourceTree = "<group>"; };
		DEBB88212B6992D700DA8B6B /* MainView.swift */ = {isa = PBXFileReference; lastKnownFileType = sourcecode.swift; path = MainView.swift; sourceTree = "<group>"; };
		DEBB88232B6992EA00DA8B6B /* ResultView.swift */ = {isa = PBXFileReference; lastKnownFileType = sourcecode.swift; path = ResultView.swift; sourceTree = "<group>"; };
		DEBB88252B69987400DA8B6B /* OrtaogretimView.swift */ = {isa = PBXFileReference; lastKnownFileType = sourcecode.swift; path = OrtaogretimView.swift; sourceTree = "<group>"; };
		DEBB88272B69987F00DA8B6B /* OnlisansView.swift */ = {isa = PBXFileReference; lastKnownFileType = sourcecode.swift; path = OnlisansView.swift; sourceTree = "<group>"; };
		DEBB88292B69988600DA8B6B /* LisansView.swift */ = {isa = PBXFileReference; lastKnownFileType = sourcecode.swift; path = LisansView.swift; sourceTree = "<group>"; };
		DEBB882B2B69989100DA8B6B /* EgitimBilimleriView.swift */ = {isa = PBXFileReference; lastKnownFileType = sourcecode.swift; path = EgitimBilimleriView.swift; sourceTree = "<group>"; };
		DEBB882D2B69989A00DA8B6B /* OABTView.swift */ = {isa = PBXFileReference; lastKnownFileType = sourcecode.swift; path = OABTView.swift; sourceTree = "<group>"; };
		DEC53F0A2B87D3DA00C6B476 /* CalculateViewModel.swift */ = {isa = PBXFileReference; lastKnownFileType = sourcecode.swift; path = CalculateViewModel.swift; sourceTree = "<group>"; };
		DEC53F0F2B87D68000C6B476 /* notfound.json */ = {isa = PBXFileReference; fileEncoding = 4; lastKnownFileType = text.json; path = notfound.json; sourceTree = "<group>"; };
/* End PBXFileReference section */

/* Begin PBXFrameworksBuildPhase section */
		DEBB88092B69914200DA8B6B /* Frameworks */ = {
			isa = PBXFrameworksBuildPhase;
			buildActionMask = 2147483647;
			files = (
				DE6A6E952B83F2B000DCBBAD /* GoogleMobileAds in Frameworks */,
				DEC53F0E2B87D65400C6B476 /* Lottie in Frameworks */,
			);
			runOnlyForDeploymentPostprocessing = 0;
		};
/* End PBXFrameworksBuildPhase section */

/* Begin PBXGroup section */
		DE02B15C2B6AE52E003C5485 /* SharedViews */ = {
			isa = PBXGroup;
			children = (
				DE02B15D2B6AE549003C5485 /* HesaplaButton.swift */,
				DE6A9BDD2B74199C009812BB /* SonucView.swift */,
			);
			path = SharedViews;
			sourceTree = "<group>";
		};
		DE45D8752B7AACF4001DDED5 /* Model */ = {
			isa = PBXGroup;
			children = (
				DE45D8762B7AAD06001DDED5 /* Result.swift */,
			);
			path = Model;
			sourceTree = "<group>";
		};
		DE6A6E972B83F39600DCBBAD /* Admob */ = {
			isa = PBXGroup;
			children = (
				DE6A6E982B83F3A400DCBBAD /* BannerViewController.swift */,
				DE6A6E9A2B83F3EF00DCBBAD /* BannerView.swift */,
				DE6A6E9C2B83F57D00DCBBAD /* AdCoordinator.swift */,
			);
			path = Admob;
			sourceTree = "<group>";
		};
		DE9680252B74CE3D0072953A /* Helpers */ = {
			isa = PBXGroup;
			children = (
				DE6A6E972B83F39600DCBBAD /* Admob */,
				DE9680232B74C9F10072953A /* Constants.swift */,
			);
			path = Helpers;
			sourceTree = "<group>";
		};
		DEBB88032B69914200DA8B6B = {
			isa = PBXGroup;
			children = (
				DEBB880E2B69914200DA8B6B /* KPSS Puan Hesaplama */,
				DEBB880D2B69914200DA8B6B /* Products */,
			);
			sourceTree = "<group>";
		};
		DEBB880D2B69914200DA8B6B /* Products */ = {
			isa = PBXGroup;
			children = (
				DEBB880C2B69914200DA8B6B /* KPSS Puan Hesaplama.app */,
			);
			name = Products;
			sourceTree = "<group>";
		};
		DEBB880E2B69914200DA8B6B /* KPSS Puan Hesaplama */ = {
			isa = PBXGroup;
			children = (
				DE6A6E962B83F2F000DCBBAD /* KPSS-Puan-Hesaplama-Info.plist */,
				DE45D8752B7AACF4001DDED5 /* Model */,
				DEBB881F2B6992AD00DA8B6B /* Views */,
				DEC53F092B87D3C400C6B476 /* ViewModel */,
				DEBB88202B6992B500DA8B6B /* Resources */,
				DEBB88152B69914300DA8B6B /* Preview Content */,
			);
			path = "KPSS Puan Hesaplama";
			sourceTree = "<group>";
		};
		DEBB88152B69914300DA8B6B /* Preview Content */ = {
			isa = PBXGroup;
			children = (
				DEBB88162B69914300DA8B6B /* Preview Assets.xcassets */,
			);
			path = "Preview Content";
			sourceTree = "<group>";
		};
		DEBB881F2B6992AD00DA8B6B /* Views */ = {
			isa = PBXGroup;
			children = (
				DEBB881D2B69926C00DA8B6B /* RootView.swift */,
				DE02B15C2B6AE52E003C5485 /* SharedViews */,
				DEBB88212B6992D700DA8B6B /* MainView.swift */,
				DE9680252B74CE3D0072953A /* Helpers */,
				DEBB88232B6992EA00DA8B6B /* ResultView.swift */,
				DEBB88252B69987400DA8B6B /* OrtaogretimView.swift */,
				DEBB88272B69987F00DA8B6B /* OnlisansView.swift */,
				DEBB88292B69988600DA8B6B /* LisansView.swift */,
				DEBB882B2B69989100DA8B6B /* EgitimBilimleriView.swift */,
				DEBB882D2B69989A00DA8B6B /* OABTView.swift */,
			);
			path = Views;
			sourceTree = "<group>";
		};
		DEBB88202B6992B500DA8B6B /* Resources */ = {
			isa = PBXGroup;
			children = (
				DEC53F0F2B87D68000C6B476 /* notfound.json */,
				DEBB880F2B69914200DA8B6B /* KPSS_Puan_HesaplamaApp.swift */,
				DEBB88132B69914300DA8B6B /* Assets.xcassets */,
			);
			path = Resources;
			sourceTree = "<group>";
		};
		DEC53F092B87D3C400C6B476 /* ViewModel */ = {
			isa = PBXGroup;
			children = (
				DEC53F0A2B87D3DA00C6B476 /* CalculateViewModel.swift */,
			);
			path = ViewModel;
			sourceTree = "<group>";
		};
/* End PBXGroup section */

/* Begin PBXNativeTarget section */
		DEBB880B2B69914200DA8B6B /* KPSS Puan Hesaplama */ = {
			isa = PBXNativeTarget;
			buildConfigurationList = DEBB881A2B69914300DA8B6B /* Build configuration list for PBXNativeTarget "KPSS Puan Hesaplama" */;
			buildPhases = (
				DEBB88082B69914200DA8B6B /* Sources */,
				DEBB88092B69914200DA8B6B /* Frameworks */,
				DEBB880A2B69914200DA8B6B /* Resources */,
			);
			buildRules = (
			);
			dependencies = (
			);
			name = "KPSS Puan Hesaplama";
			packageProductDependencies = (
				DE6A6E942B83F2B000DCBBAD /* GoogleMobileAds */,
				DEC53F0D2B87D65400C6B476 /* Lottie */,
			);
			productName = "KPSS Puan Hesaplama";
			productReference = DEBB880C2B69914200DA8B6B /* KPSS Puan Hesaplama.app */;
			productType = "com.apple.product-type.application";
		};
/* End PBXNativeTarget section */

/* Begin PBXProject section */
		DEBB88042B69914200DA8B6B /* Project object */ = {
			isa = PBXProject;
			attributes = {
				BuildIndependentTargetsInParallel = 1;
				LastSwiftUpdateCheck = 1520;
				LastUpgradeCheck = 1520;
				TargetAttributes = {
					DEBB880B2B69914200DA8B6B = {
						CreatedOnToolsVersion = 15.2;
					};
				};
			};
			buildConfigurationList = DEBB88072B69914200DA8B6B /* Build configuration list for PBXProject "KPSS Puan Hesaplama" */;
			compatibilityVersion = "Xcode 14.0";
			developmentRegion = tr;
			hasScannedForEncodings = 0;
			knownRegions = (
				Base,
				tr,
			);
			mainGroup = DEBB88032B69914200DA8B6B;
			packageReferences = (
				DE6A6E932B83F2B000DCBBAD /* XCRemoteSwiftPackageReference "swift-package-manager-google-mobile-ads" */,
				DEC53F0C2B87D65400C6B476 /* XCRemoteSwiftPackageReference "lottie-ios" */,
			);
			productRefGroup = DEBB880D2B69914200DA8B6B /* Products */;
			projectDirPath = "";
			projectRoot = "";
			targets = (
				DEBB880B2B69914200DA8B6B /* KPSS Puan Hesaplama */,
			);
		};
/* End PBXProject section */

/* Begin PBXResourcesBuildPhase section */
		DEBB880A2B69914200DA8B6B /* Resources */ = {
			isa = PBXResourcesBuildPhase;
			buildActionMask = 2147483647;
			files = (
				DEBB88172B69914300DA8B6B /* Preview Assets.xcassets in Resources */,
				DEBB88142B69914300DA8B6B /* Assets.xcassets in Resources */,
				DEC53F102B87D68000C6B476 /* notfound.json in Resources */,
			);
			runOnlyForDeploymentPostprocessing = 0;
		};
/* End PBXResourcesBuildPhase section */

/* Begin PBXSourcesBuildPhase section */
		DEBB88082B69914200DA8B6B /* Sources */ = {
			isa = PBXSourcesBuildPhase;
			buildActionMask = 2147483647;
			files = (
				DE02B15E2B6AE549003C5485 /* HesaplaButton.swift in Sources */,
				DE45D8772B7AAD06001DDED5 /* Result.swift in Sources */,
				DEBB882A2B69988600DA8B6B /* LisansView.swift in Sources */,
				DEC53F0B2B87D3DA00C6B476 /* CalculateViewModel.swift in Sources */,
				DEBB881E2B69926C00DA8B6B /* RootView.swift in Sources */,
				DEBB88262B69987400DA8B6B /* OrtaogretimView.swift in Sources */,
				DE6A6E9B2B83F3F000DCBBAD /* BannerView.swift in Sources */,
				DEBB88242B6992EA00DA8B6B /* ResultView.swift in Sources */,
				DE6A6E9D2B83F57D00DCBBAD /* AdCoordinator.swift in Sources */,
				DE6A6E992B83F3A400DCBBAD /* BannerViewController.swift in Sources */,
				DEBB88282B69987F00DA8B6B /* OnlisansView.swift in Sources */,
				DEBB88222B6992D700DA8B6B /* MainView.swift in Sources */,
				DEBB88102B69914200DA8B6B /* KPSS_Puan_HesaplamaApp.swift in Sources */,
				DEBB882C2B69989100DA8B6B /* EgitimBilimleriView.swift in Sources */,
				DEBB882E2B69989A00DA8B6B /* OABTView.swift in Sources */,
				DE6A9BDE2B74199C009812BB /* SonucView.swift in Sources */,
				DE9680242B74C9F10072953A /* Constants.swift in Sources */,
			);
			runOnlyForDeploymentPostprocessing = 0;
		};
/* End PBXSourcesBuildPhase section */

/* Begin XCBuildConfiguration section */
		DEBB88182B69914300DA8B6B /* Debug */ = {
			isa = XCBuildConfiguration;
			buildSettings = {
				ALWAYS_SEARCH_USER_PATHS = NO;
				ASSETCATALOG_COMPILER_GENERATE_SWIFT_ASSET_SYMBOL_EXTENSIONS = YES;
				CLANG_ANALYZER_NONNULL = YES;
				CLANG_ANALYZER_NUMBER_OBJECT_CONVERSION = YES_AGGRESSIVE;
				CLANG_CXX_LANGUAGE_STANDARD = "gnu++20";
				CLANG_ENABLE_MODULES = YES;
				CLANG_ENABLE_OBJC_ARC = YES;
				CLANG_ENABLE_OBJC_WEAK = YES;
				CLANG_WARN_BLOCK_CAPTURE_AUTORELEASING = YES;
				CLANG_WARN_BOOL_CONVERSION = YES;
				CLANG_WARN_COMMA = YES;
				CLANG_WARN_CONSTANT_CONVERSION = YES;
				CLANG_WARN_DEPRECATED_OBJC_IMPLEMENTATIONS = YES;
				CLANG_WARN_DIRECT_OBJC_ISA_USAGE = YES_ERROR;
				CLANG_WARN_DOCUMENTATION_COMMENTS = YES;
				CLANG_WARN_EMPTY_BODY = YES;
				CLANG_WARN_ENUM_CONVERSION = YES;
				CLANG_WARN_INFINITE_RECURSION = YES;
				CLANG_WARN_INT_CONVERSION = YES;
				CLANG_WARN_NON_LITERAL_NULL_CONVERSION = YES;
				CLANG_WARN_OBJC_IMPLICIT_RETAIN_SELF = YES;
				CLANG_WARN_OBJC_LITERAL_CONVERSION = YES;
				CLANG_WARN_OBJC_ROOT_CLASS = YES_ERROR;
				CLANG_WARN_QUOTED_INCLUDE_IN_FRAMEWORK_HEADER = YES;
				CLANG_WARN_RANGE_LOOP_ANALYSIS = YES;
				CLANG_WARN_STRICT_PROTOTYPES = YES;
				CLANG_WARN_SUSPICIOUS_MOVE = YES;
				CLANG_WARN_UNGUARDED_AVAILABILITY = YES_AGGRESSIVE;
				CLANG_WARN_UNREACHABLE_CODE = YES;
				CLANG_WARN__DUPLICATE_METHOD_MATCH = YES;
				COPY_PHASE_STRIP = NO;
				DEBUG_INFORMATION_FORMAT = dwarf;
				ENABLE_STRICT_OBJC_MSGSEND = YES;
				ENABLE_TESTABILITY = YES;
				ENABLE_USER_SCRIPT_SANDBOXING = YES;
				GCC_C_LANGUAGE_STANDARD = gnu17;
				GCC_DYNAMIC_NO_PIC = NO;
				GCC_NO_COMMON_BLOCKS = YES;
				GCC_OPTIMIZATION_LEVEL = 0;
				GCC_PREPROCESSOR_DEFINITIONS = (
					"DEBUG=1",
					"$(inherited)",
				);
				GCC_WARN_64_TO_32_BIT_CONVERSION = YES;
				GCC_WARN_ABOUT_RETURN_TYPE = YES_ERROR;
				GCC_WARN_UNDECLARED_SELECTOR = YES;
				GCC_WARN_UNINITIALIZED_AUTOS = YES_AGGRESSIVE;
				GCC_WARN_UNUSED_FUNCTION = YES;
				GCC_WARN_UNUSED_VARIABLE = YES;
				IPHONEOS_DEPLOYMENT_TARGET = 17.2;
				LOCALIZATION_PREFERS_STRING_CATALOGS = YES;
				MTL_ENABLE_DEBUG_INFO = INCLUDE_SOURCE;
				MTL_FAST_MATH = YES;
				ONLY_ACTIVE_ARCH = YES;
				SDKROOT = iphoneos;
				SWIFT_ACTIVE_COMPILATION_CONDITIONS = "DEBUG $(inherited)";
				SWIFT_OPTIMIZATION_LEVEL = "-Onone";
			};
			name = Debug;
		};
		DEBB88192B69914300DA8B6B /* Release */ = {
			isa = XCBuildConfiguration;
			buildSettings = {
				ALWAYS_SEARCH_USER_PATHS = NO;
				ASSETCATALOG_COMPILER_GENERATE_SWIFT_ASSET_SYMBOL_EXTENSIONS = YES;
				CLANG_ANALYZER_NONNULL = YES;
				CLANG_ANALYZER_NUMBER_OBJECT_CONVERSION = YES_AGGRESSIVE;
				CLANG_CXX_LANGUAGE_STANDARD = "gnu++20";
				CLANG_ENABLE_MODULES = YES;
				CLANG_ENABLE_OBJC_ARC = YES;
				CLANG_ENABLE_OBJC_WEAK = YES;
				CLANG_WARN_BLOCK_CAPTURE_AUTORELEASING = YES;
				CLANG_WARN_BOOL_CONVERSION = YES;
				CLANG_WARN_COMMA = YES;
				CLANG_WARN_CONSTANT_CONVERSION = YES;
				CLANG_WARN_DEPRECATED_OBJC_IMPLEMENTATIONS = YES;
				CLANG_WARN_DIRECT_OBJC_ISA_USAGE = YES_ERROR;
				CLANG_WARN_DOCUMENTATION_COMMENTS = YES;
				CLANG_WARN_EMPTY_BODY = YES;
				CLANG_WARN_ENUM_CONVERSION = YES;
				CLANG_WARN_INFINITE_RECURSION = YES;
				CLANG_WARN_INT_CONVERSION = YES;
				CLANG_WARN_NON_LITERAL_NULL_CONVERSION = YES;
				CLANG_WARN_OBJC_IMPLICIT_RETAIN_SELF = YES;
				CLANG_WARN_OBJC_LITERAL_CONVERSION = YES;
				CLANG_WARN_OBJC_ROOT_CLASS = YES_ERROR;
				CLANG_WARN_QUOTED_INCLUDE_IN_FRAMEWORK_HEADER = YES;
				CLANG_WARN_RANGE_LOOP_ANALYSIS = YES;
				CLANG_WARN_STRICT_PROTOTYPES = YES;
				CLANG_WARN_SUSPICIOUS_MOVE = YES;
				CLANG_WARN_UNGUARDED_AVAILABILITY = YES_AGGRESSIVE;
				CLANG_WARN_UNREACHABLE_CODE = YES;
				CLANG_WARN__DUPLICATE_METHOD_MATCH = YES;
				COPY_PHASE_STRIP = NO;
				DEBUG_INFORMATION_FORMAT = "dwarf-with-dsym";
				ENABLE_NS_ASSERTIONS = NO;
				ENABLE_STRICT_OBJC_MSGSEND = YES;
				ENABLE_USER_SCRIPT_SANDBOXING = YES;
				GCC_C_LANGUAGE_STANDARD = gnu17;
				GCC_NO_COMMON_BLOCKS = YES;
				GCC_WARN_64_TO_32_BIT_CONVERSION = YES;
				GCC_WARN_ABOUT_RETURN_TYPE = YES_ERROR;
				GCC_WARN_UNDECLARED_SELECTOR = YES;
				GCC_WARN_UNINITIALIZED_AUTOS = YES_AGGRESSIVE;
				GCC_WARN_UNUSED_FUNCTION = YES;
				GCC_WARN_UNUSED_VARIABLE = YES;
				IPHONEOS_DEPLOYMENT_TARGET = 17.2;
				LOCALIZATION_PREFERS_STRING_CATALOGS = YES;
				MTL_ENABLE_DEBUG_INFO = NO;
				MTL_FAST_MATH = YES;
				SDKROOT = iphoneos;
				SWIFT_COMPILATION_MODE = wholemodule;
				VALIDATE_PRODUCT = YES;
			};
			name = Release;
		};
		DEBB881B2B69914300DA8B6B /* Debug */ = {
			isa = XCBuildConfiguration;
			buildSettings = {
				ASSETCATALOG_COMPILER_APPICON_NAME = AppIcon;
				ASSETCATALOG_COMPILER_GLOBAL_ACCENT_COLOR_NAME = AccentColor;
				CODE_SIGN_STYLE = Automatic;
				CURRENT_PROJECT_VERSION = 1;
				DEVELOPMENT_ASSET_PATHS = "\"KPSS Puan Hesaplama/Preview Content\"";
				DEVELOPMENT_TEAM = 5RM3B24YU6;
				ENABLE_PREVIEWS = YES;
				FRAMEWORK_VERSION = A;
				GENERATE_INFOPLIST_FILE = YES;
				INFOPLIST_FILE = "KPSS-Puan-Hesaplama-Info.plist";
				INFOPLIST_KEY_CFBundleDisplayName = "Puan Hesaplama";
				INFOPLIST_KEY_NSUserTrackingUsageDescription = "Reklamları sizin için daha kişiselleştirilir hale getirebilmemize izin verir misiniz?";
				INFOPLIST_KEY_UIApplicationSceneManifest_Generation = YES;
				INFOPLIST_KEY_UIApplicationSupportsIndirectInputEvents = YES;
				INFOPLIST_KEY_UILaunchScreen_Generation = YES;
				INFOPLIST_KEY_UISupportedInterfaceOrientations_iPad = "UIInterfaceOrientationPortrait UIInterfaceOrientationPortraitUpsideDown UIInterfaceOrientationLandscapeLeft UIInterfaceOrientationLandscapeRight";
				INFOPLIST_KEY_UISupportedInterfaceOrientations_iPhone = "UIInterfaceOrientationPortrait UIInterfaceOrientationLandscapeLeft UIInterfaceOrientationLandscapeRight";
				LD_RUNPATH_SEARCH_PATHS = (
					"$(inherited)",
					"@executable_path/Frameworks",
				);
				MARKETING_VERSION = 1.0;
				OTHER_LDFLAGS = "";
				PRODUCT_BUNDLE_IDENTIFIER = "com.yuumamobile.KPSS-Puan-Hesaplama";
				PRODUCT_NAME = "$(TARGET_NAME)";
				SWIFT_EMIT_LOC_STRINGS = YES;
				SWIFT_OPTIMIZATION_LEVEL = "-Onone";
				SWIFT_VERSION = 5.0;
				TARGETED_DEVICE_FAMILY = "1,2";
			};
			name = Debug;
		};
		DEBB881C2B69914300DA8B6B /* Release */ = {
			isa = XCBuildConfiguration;
			buildSettings = {
				ASSETCATALOG_COMPILER_APPICON_NAME = AppIcon;
				ASSETCATALOG_COMPILER_GLOBAL_ACCENT_COLOR_NAME = AccentColor;
				CODE_SIGN_STYLE = Automatic;
				CURRENT_PROJECT_VERSION = 1;
				DEVELOPMENT_ASSET_PATHS = "\"KPSS Puan Hesaplama/Preview Content\"";
				DEVELOPMENT_TEAM = 5RM3B24YU6;
				ENABLE_PREVIEWS = YES;
				FRAMEWORK_VERSION = A;
				GENERATE_INFOPLIST_FILE = YES;
				INFOPLIST_FILE = "KPSS-Puan-Hesaplama-Info.plist";
				INFOPLIST_KEY_CFBundleDisplayName = "Puan Hesaplama";
				INFOPLIST_KEY_NSUserTrackingUsageDescription = "Reklamları sizin için daha kişiselleştirilir hale getirebilmemize izin verir misiniz?";
				INFOPLIST_KEY_UIApplicationSceneManifest_Generation = YES;
				INFOPLIST_KEY_UIApplicationSupportsIndirectInputEvents = YES;
				INFOPLIST_KEY_UILaunchScreen_Generation = YES;
				INFOPLIST_KEY_UISupportedInterfaceOrientations_iPad = "UIInterfaceOrientationPortrait UIInterfaceOrientationPortraitUpsideDown UIInterfaceOrientationLandscapeLeft UIInterfaceOrientationLandscapeRight";
				INFOPLIST_KEY_UISupportedInterfaceOrientations_iPhone = "UIInterfaceOrientationPortrait UIInterfaceOrientationLandscapeLeft UIInterfaceOrientationLandscapeRight";
				LD_RUNPATH_SEARCH_PATHS = (
					"$(inherited)",
					"@executable_path/Frameworks",
				);
				MARKETING_VERSION = 1.0;
				OTHER_LDFLAGS = "";
				PRODUCT_BUNDLE_IDENTIFIER = "com.yuumamobile.KPSS-Puan-Hesaplama";
				PRODUCT_NAME = "$(TARGET_NAME)";
				SWIFT_EMIT_LOC_STRINGS = YES;
				SWIFT_OPTIMIZATION_LEVEL = "-O";
				SWIFT_VERSION = 5.0;
				TARGETED_DEVICE_FAMILY = "1,2";
			};
			name = Release;
		};
/* End XCBuildConfiguration section */

/* Begin XCConfigurationList section */
		DEBB88072B69914200DA8B6B /* Build configuration list for PBXProject "KPSS Puan Hesaplama" */ = {
			isa = XCConfigurationList;
			buildConfigurations = (
				DEBB88182B69914300DA8B6B /* Debug */,
				DEBB88192B69914300DA8B6B /* Release */,
			);
			defaultConfigurationIsVisible = 0;
			defaultConfigurationName = Release;
		};
		DEBB881A2B69914300DA8B6B /* Build configuration list for PBXNativeTarget "KPSS Puan Hesaplama" */ = {
			isa = XCConfigurationList;
			buildConfigurations = (
				DEBB881B2B69914300DA8B6B /* Debug */,
				DEBB881C2B69914300DA8B6B /* Release */,
			);
			defaultConfigurationIsVisible = 0;
			defaultConfigurationName = Release;
		};
/* End XCConfigurationList section */

/* Begin XCRemoteSwiftPackageReference section */
		DE6A6E932B83F2B000DCBBAD /* XCRemoteSwiftPackageReference "swift-package-manager-google-mobile-ads" */ = {
			isa = XCRemoteSwiftPackageReference;
			repositoryURL = "https://github.com/googleads/swift-package-manager-google-mobile-ads.git";
			requirement = {
				kind = upToNextMajorVersion;
				minimumVersion = 11.0.1;
			};
		};
		DEC53F0C2B87D65400C6B476 /* XCRemoteSwiftPackageReference "lottie-ios" */ = {
			isa = XCRemoteSwiftPackageReference;
			repositoryURL = "https://github.com/airbnb/lottie-ios";
			requirement = {
				kind = upToNextMajorVersion;
				minimumVersion = 4.4.1;
			};
		};
/* End XCRemoteSwiftPackageReference section */

/* Begin XCSwiftPackageProductDependency section */
		DE6A6E942B83F2B000DCBBAD /* GoogleMobileAds */ = {
			isa = XCSwiftPackageProductDependency;
			package = DE6A6E932B83F2B000DCBBAD /* XCRemoteSwiftPackageReference "swift-package-manager-google-mobile-ads" */;
			productName = GoogleMobileAds;
		};
		DEC53F0D2B87D65400C6B476 /* Lottie */ = {
			isa = XCSwiftPackageProductDependency;
			package = DEC53F0C2B87D65400C6B476 /* XCRemoteSwiftPackageReference "lottie-ios" */;
			productName = Lottie;
		};
/* End XCSwiftPackageProductDependency section */
	};
	rootObject = DEBB88042B69914200DA8B6B /* Project object */;
}
